{
  "name": "exercicios",
  "lockfileVersion": 2,
  "requires": true,
  "packages": {
    "": {
      "dependencies": {
        "uuid-v4": "^0.1.0"
      }
    },
    "node_modules/uuid-v4": {
      "version": "0.1.0",
      "resolved": "https://registry.npmjs.org/uuid-v4/-/uuid-v4-0.1.0.tgz",
      "integrity": "sha512-m11RYDtowtAIihBXMoGajOEKpAXrKbpKlpmxqyztMYQNGSY5nZAZ/oYch/w2HNS1RMA4WLGcZvuD8/wFMuCEzA==",
      "engines": {
        "node": "*"
      }
    }
  },
  "dependencies": {
    "uuid-v4": {
      "version": "0.1.0",
      "resolved": "https://registry.npmjs.org/uuid-v4/-/uuid-v4-0.1.0.tgz",
      "integrity": "sha512-m11RYDtowtAIihBXMoGajOEKpAXrKbpKlpmxqyztMYQNGSY5nZAZ/oYch/w2HNS1RMA4WLGcZvuD8/wFMuCEzA=="
    }
  }
}
